
Microsoft Visual Studio Solution File, Format Version 12.00
# Visual Studio Version 16
VisualStudioVersion = 16.0.30204.135
MinimumVisualStudioVersion = 10.0.40219.1
Project("{FAE04EC0-301F-11D3-BF4B-00C04F79EFBC}") = "CursoDominioTIC.API", "CursoDominioTIC.API\CursoDominioTIC.API.csproj", "{F90214DB-5F0B-48E7-9240-7EC37B8A1C7F}"
EndProject
Project("{FAE04EC0-301F-11D3-BF4B-00C04F79EFBC}") = "CursoDominioTIC.Common", "CursoDominioTIC.Common\CursoDominioTIC.Common.csproj", "{C5BA27BC-CE5A-4171-B00E-F83F85C19D7E}"
EndProject
Global
	GlobalSection(SolutionConfigurationPlatforms) = preSolution
		Debug|Any CPU = Debug|Any CPU
		Release|Any CPU = Release|Any CPU
	EndGlobalSection
	GlobalSection(ProjectConfigurationPlatforms) = postSolution
		{F90214DB-5F0B-48E7-9240-7EC37B8A1C7F}.Debug|Any CPU.ActiveCfg = Debug|Any CPU
		{F90214DB-5F0B-48E7-9240-7EC37B8A1C7F}.Debug|Any CPU.Build.0 = Debug|Any CPU
		{F90214DB-5F0B-48E7-9240-7EC37B8A1C7F}.Release|Any CPU.ActiveCfg = Release|Any CPU
		{F90214DB-5F0B-48E7-9240-7EC37B8A1C7F}.Release|Any CPU.Build.0 = Release|Any CPU
		{C5BA27BC-CE5A-4171-B00E-F83F85C19D7E}.Debug|Any CPU.ActiveCfg = Debug|Any CPU
		{C5BA27BC-CE5A-4171-B00E-F83F85C19D7E}.Debug|Any CPU.Build.0 = Debug|Any CPU
		{C5BA27BC-CE5A-4171-B00E-F83F85C19D7E}.Release|Any CPU.ActiveCfg = Release|Any CPU
		{C5BA27BC-CE5A-4171-B00E-F83F85C19D7E}.Release|Any CPU.Build.0 = Release|Any CPU
	EndGlobalSection
	GlobalSection(SolutionProperties) = preSolution
		HideSolutionNode = FALSE
	EndGlobalSection
	GlobalSection(ExtensibilityGlobals) = postSolution
		SolutionGuid = {95E79AE9-79BC-4C37-B8CB-217BFADC2BA1}
	EndGlobalSection
EndGlobal
