
Microsoft Visual Studio Solution File, Format Version 12.00
# Visual Studio Version 16
VisualStudioVersion = 16.0.30204.135
MinimumVisualStudioVersion = 10.0.40219.1
Project("{9A19103F-16F7-4668-BE54-9A1E7A4F7556}") = "CursoDominioTIC.API", "CursoDominioTIC.API\CursoDominioTIC.API.csproj", "{F90214DB-5F0B-48E7-9240-7EC37B8A1C7F}"
EndProject
Project("{9A19103F-16F7-4668-BE54-9A1E7A4F7556}") = "CursoDominioTIC.Common", "CursoDominioTIC.Common\CursoDominioTIC.Common.csproj", "{C5BA27BC-CE5A-4171-B00E-F83F85C19D7E}"
EndProject
Project("{FAE04EC0-301F-11D3-BF4B-00C04F79EFBC}") = "CursoDominioTIC.UWP", "CursoDominioTIC\CursoDominioTIC.UWP\CursoDominioTIC.UWP.csproj", "{4C9A061C-7F9C-4501-9D98-029658E11054}"
EndProject
Project("{FAE04EC0-301F-11D3-BF4B-00C04F79EFBC}") = "CursoDominioTIC.Android", "CursoDominioTIC\CursoDominioTIC.Android\CursoDominioTIC.Android.csproj", "{0A524892-5CEE-4E0B-BCF6-7B4A2E5BF5FC}"
EndProject
Project("{FAE04EC0-301F-11D3-BF4B-00C04F79EFBC}") = "CursoDominioTIC.iOS", "CursoDominioTIC\CursoDominioTIC.iOS\CursoDominioTIC.iOS.csproj", "{1FCF1CF1-8D4E-4D64-BE55-0EA9D764FD67}"
EndProject
Project("{FAE04EC0-301F-11D3-BF4B-00C04F79EFBC}") = "CursoDominioTIC", "CursoDominioTIC\CursoDominioTIC\CursoDominioTIC.csproj", "{2AABBD59-3425-4BF3-BA62-2EC7C01D2877}"
EndProject
Global
	GlobalSection(SolutionConfigurationPlatforms) = preSolution
		Debug|Any CPU = Debug|Any CPU
		Debug|ARM = Debug|ARM
		Debug|iPhone = Debug|iPhone
		Debug|iPhoneSimulator = Debug|iPhoneSimulator
		Debug|x64 = Debug|x64
		Debug|x86 = Debug|x86
		Release|Any CPU = Release|Any CPU
		Release|ARM = Release|ARM
		Release|iPhone = Release|iPhone
		Release|iPhoneSimulator = Release|iPhoneSimulator
		Release|x64 = Release|x64
		Release|x86 = Release|x86
	EndGlobalSection
	GlobalSection(ProjectConfigurationPlatforms) = postSolution
		{F90214DB-5F0B-48E7-9240-7EC37B8A1C7F}.Debug|Any CPU.ActiveCfg = Debug|Any CPU
		{F90214DB-5F0B-48E7-9240-7EC37B8A1C7F}.Debug|Any CPU.Build.0 = Debug|Any CPU
		{F90214DB-5F0B-48E7-9240-7EC37B8A1C7F}.Debug|ARM.ActiveCfg = Debug|Any CPU
		{F90214DB-5F0B-48E7-9240-7EC37B8A1C7F}.Debug|ARM.Build.0 = Debug|Any CPU
		{F90214DB-5F0B-48E7-9240-7EC37B8A1C7F}.Debug|iPhone.ActiveCfg = Debug|Any CPU
		{F90214DB-5F0B-48E7-9240-7EC37B8A1C7F}.Debug|iPhone.Build.0 = Debug|Any CPU
		{F90214DB-5F0B-48E7-9240-7EC37B8A1C7F}.Debug|iPhoneSimulator.ActiveCfg = Debug|Any CPU
		{F90214DB-5F0B-48E7-9240-7EC37B8A1C7F}.Debug|iPhoneSimulator.Build.0 = Debug|Any CPU
		{F90214DB-5F0B-48E7-9240-7EC37B8A1C7F}.Debug|x64.ActiveCfg = Debug|Any CPU
		{F90214DB-5F0B-48E7-9240-7EC37B8A1C7F}.Debug|x64.Build.0 = Debug|Any CPU
		{F90214DB-5F0B-48E7-9240-7EC37B8A1C7F}.Debug|x86.ActiveCfg = Debug|Any CPU
		{F90214DB-5F0B-48E7-9240-7EC37B8A1C7F}.Debug|x86.Build.0 = Debug|Any CPU
		{F90214DB-5F0B-48E7-9240-7EC37B8A1C7F}.Release|Any CPU.ActiveCfg = Release|Any CPU
		{F90214DB-5F0B-48E7-9240-7EC37B8A1C7F}.Release|Any CPU.Build.0 = Release|Any CPU
		{F90214DB-5F0B-48E7-9240-7EC37B8A1C7F}.Release|ARM.ActiveCfg = Release|Any CPU
		{F90214DB-5F0B-48E7-9240-7EC37B8A1C7F}.Release|ARM.Build.0 = Release|Any CPU
		{F90214DB-5F0B-48E7-9240-7EC37B8A1C7F}.Release|iPhone.ActiveCfg = Release|Any CPU
		{F90214DB-5F0B-48E7-9240-7EC37B8A1C7F}.Release|iPhone.Build.0 = Release|Any CPU
		{F90214DB-5F0B-48E7-9240-7EC37B8A1C7F}.Release|iPhoneSimulator.ActiveCfg = Release|Any CPU
		{F90214DB-5F0B-48E7-9240-7EC37B8A1C7F}.Release|iPhoneSimulator.Build.0 = Release|Any CPU
		{F90214DB-5F0B-48E7-9240-7EC37B8A1C7F}.Release|x64.ActiveCfg = Release|Any CPU
		{F90214DB-5F0B-48E7-9240-7EC37B8A1C7F}.Release|x64.Build.0 = Release|Any CPU
		{F90214DB-5F0B-48E7-9240-7EC37B8A1C7F}.Release|x86.ActiveCfg = Release|Any CPU
		{F90214DB-5F0B-48E7-9240-7EC37B8A1C7F}.Release|x86.Build.0 = Release|Any CPU
		{C5BA27BC-CE5A-4171-B00E-F83F85C19D7E}.Debug|Any CPU.ActiveCfg = Debug|Any CPU
		{C5BA27BC-CE5A-4171-B00E-F83F85C19D7E}.Debug|Any CPU.Build.0 = Debug|Any CPU
		{C5BA27BC-CE5A-4171-B00E-F83F85C19D7E}.Debug|ARM.ActiveCfg = Debug|Any CPU
		{C5BA27BC-CE5A-4171-B00E-F83F85C19D7E}.Debug|ARM.Build.0 = Debug|Any CPU
		{C5BA27BC-CE5A-4171-B00E-F83F85C19D7E}.Debug|iPhone.ActiveCfg = Debug|Any CPU
		{C5BA27BC-CE5A-4171-B00E-F83F85C19D7E}.Debug|iPhone.Build.0 = Debug|Any CPU
		{C5BA27BC-CE5A-4171-B00E-F83F85C19D7E}.Debug|iPhoneSimulator.ActiveCfg = Debug|Any CPU
		{C5BA27BC-CE5A-4171-B00E-F83F85C19D7E}.Debug|iPhoneSimulator.Build.0 = Debug|Any CPU
		{C5BA27BC-CE5A-4171-B00E-F83F85C19D7E}.Debug|x64.ActiveCfg = Debug|Any CPU
		{C5BA27BC-CE5A-4171-B00E-F83F85C19D7E}.Debug|x64.Build.0 = Debug|Any CPU
		{C5BA27BC-CE5A-4171-B00E-F83F85C19D7E}.Debug|x86.ActiveCfg = Debug|Any CPU
		{C5BA27BC-CE5A-4171-B00E-F83F85C19D7E}.Debug|x86.Build.0 = Debug|Any CPU
		{C5BA27BC-CE5A-4171-B00E-F83F85C19D7E}.Release|Any CPU.ActiveCfg = Release|Any CPU
		{C5BA27BC-CE5A-4171-B00E-F83F85C19D7E}.Release|Any CPU.Build.0 = Release|Any CPU
		{C5BA27BC-CE5A-4171-B00E-F83F85C19D7E}.Release|ARM.ActiveCfg = Release|Any CPU
		{C5BA27BC-CE5A-4171-B00E-F83F85C19D7E}.Release|ARM.Build.0 = Release|Any CPU
		{C5BA27BC-CE5A-4171-B00E-F83F85C19D7E}.Release|iPhone.ActiveCfg = Release|Any CPU
		{C5BA27BC-CE5A-4171-B00E-F83F85C19D7E}.Release|iPhone.Build.0 = Release|Any CPU
		{C5BA27BC-CE5A-4171-B00E-F83F85C19D7E}.Release|iPhoneSimulator.ActiveCfg = Release|Any CPU
		{C5BA27BC-CE5A-4171-B00E-F83F85C19D7E}.Release|iPhoneSimulator.Build.0 = Release|Any CPU
		{C5BA27BC-CE5A-4171-B00E-F83F85C19D7E}.Release|x64.ActiveCfg = Release|Any CPU
		{C5BA27BC-CE5A-4171-B00E-F83F85C19D7E}.Release|x64.Build.0 = Release|Any CPU
		{C5BA27BC-CE5A-4171-B00E-F83F85C19D7E}.Release|x86.ActiveCfg = Release|Any CPU
		{C5BA27BC-CE5A-4171-B00E-F83F85C19D7E}.Release|x86.Build.0 = Release|Any CPU
		{4C9A061C-7F9C-4501-9D98-029658E11054}.Debug|Any CPU.ActiveCfg = Debug|x86
		{4C9A061C-7F9C-4501-9D98-029658E11054}.Debug|ARM.ActiveCfg = Debug|ARM
		{4C9A061C-7F9C-4501-9D98-029658E11054}.Debug|ARM.Build.0 = Debug|ARM
		{4C9A061C-7F9C-4501-9D98-029658E11054}.Debug|ARM.Deploy.0 = Debug|ARM
		{4C9A061C-7F9C-4501-9D98-029658E11054}.Debug|iPhone.ActiveCfg = Debug|x86
		{4C9A061C-7F9C-4501-9D98-029658E11054}.Debug|iPhoneSimulator.ActiveCfg = Debug|x86
		{4C9A061C-7F9C-4501-9D98-029658E11054}.Debug|x64.ActiveCfg = Debug|x64
		{4C9A061C-7F9C-4501-9D98-029658E11054}.Debug|x64.Build.0 = Debug|x64
		{4C9A061C-7F9C-4501-9D98-029658E11054}.Debug|x64.Deploy.0 = Debug|x64
		{4C9A061C-7F9C-4501-9D98-029658E11054}.Debug|x86.ActiveCfg = Debug|x86
		{4C9A061C-7F9C-4501-9D98-029658E11054}.Debug|x86.Build.0 = Debug|x86
		{4C9A061C-7F9C-4501-9D98-029658E11054}.Debug|x86.Deploy.0 = Debug|x86
		{4C9A061C-7F9C-4501-9D98-029658E11054}.Release|Any CPU.ActiveCfg = Release|x86
		{4C9A061C-7F9C-4501-9D98-029658E11054}.Release|ARM.ActiveCfg = Release|ARM
		{4C9A061C-7F9C-4501-9D98-029658E11054}.Release|ARM.Build.0 = Release|ARM
		{4C9A061C-7F9C-4501-9D98-029658E11054}.Release|ARM.Deploy.0 = Release|ARM
		{4C9A061C-7F9C-4501-9D98-029658E11054}.Release|iPhone.ActiveCfg = Release|x86
		{4C9A061C-7F9C-4501-9D98-029658E11054}.Release|iPhoneSimulator.ActiveCfg = Release|x86
		{4C9A061C-7F9C-4501-9D98-029658E11054}.Release|x64.ActiveCfg = Release|x64
		{4C9A061C-7F9C-4501-9D98-029658E11054}.Release|x64.Build.0 = Release|x64
		{4C9A061C-7F9C-4501-9D98-029658E11054}.Release|x64.Deploy.0 = Release|x64
		{4C9A061C-7F9C-4501-9D98-029658E11054}.Release|x86.ActiveCfg = Release|x86
		{4C9A061C-7F9C-4501-9D98-029658E11054}.Release|x86.Build.0 = Release|x86
		{4C9A061C-7F9C-4501-9D98-029658E11054}.Release|x86.Deploy.0 = Release|x86
		{0A524892-5CEE-4E0B-BCF6-7B4A2E5BF5FC}.Debug|Any CPU.ActiveCfg = Debug|Any CPU
		{0A524892-5CEE-4E0B-BCF6-7B4A2E5BF5FC}.Debug|Any CPU.Build.0 = Debug|Any CPU
		{0A524892-5CEE-4E0B-BCF6-7B4A2E5BF5FC}.Debug|Any CPU.Deploy.0 = Debug|Any CPU
		{0A524892-5CEE-4E0B-BCF6-7B4A2E5BF5FC}.Debug|ARM.ActiveCfg = Debug|Any CPU
		{0A524892-5CEE-4E0B-BCF6-7B4A2E5BF5FC}.Debug|ARM.Build.0 = Debug|Any CPU
		{0A524892-5CEE-4E0B-BCF6-7B4A2E5BF5FC}.Debug|ARM.Deploy.0 = Debug|Any CPU
		{0A524892-5CEE-4E0B-BCF6-7B4A2E5BF5FC}.Debug|iPhone.ActiveCfg = Debug|Any CPU
		{0A524892-5CEE-4E0B-BCF6-7B4A2E5BF5FC}.Debug|iPhone.Build.0 = Debug|Any CPU
		{0A524892-5CEE-4E0B-BCF6-7B4A2E5BF5FC}.Debug|iPhone.Deploy.0 = Debug|Any CPU
		{0A524892-5CEE-4E0B-BCF6-7B4A2E5BF5FC}.Debug|iPhoneSimulator.ActiveCfg = Debug|Any CPU
		{0A524892-5CEE-4E0B-BCF6-7B4A2E5BF5FC}.Debug|iPhoneSimulator.Build.0 = Debug|Any CPU
		{0A524892-5CEE-4E0B-BCF6-7B4A2E5BF5FC}.Debug|iPhoneSimulator.Deploy.0 = Debug|Any CPU
		{0A524892-5CEE-4E0B-BCF6-7B4A2E5BF5FC}.Debug|x64.ActiveCfg = Debug|Any CPU
		{0A524892-5CEE-4E0B-BCF6-7B4A2E5BF5FC}.Debug|x64.Build.0 = Debug|Any CPU
		{0A524892-5CEE-4E0B-BCF6-7B4A2E5BF5FC}.Debug|x64.Deploy.0 = Debug|Any CPU
		{0A524892-5CEE-4E0B-BCF6-7B4A2E5BF5FC}.Debug|x86.ActiveCfg = Debug|Any CPU
		{0A524892-5CEE-4E0B-BCF6-7B4A2E5BF5FC}.Debug|x86.Build.0 = Debug|Any CPU
		{0A524892-5CEE-4E0B-BCF6-7B4A2E5BF5FC}.Debug|x86.Deploy.0 = Debug|Any CPU
		{0A524892-5CEE-4E0B-BCF6-7B4A2E5BF5FC}.Release|Any CPU.ActiveCfg = Release|Any CPU
		{0A524892-5CEE-4E0B-BCF6-7B4A2E5BF5FC}.Release|Any CPU.Build.0 = Release|Any CPU
		{0A524892-5CEE-4E0B-BCF6-7B4A2E5BF5FC}.Release|Any CPU.Deploy.0 = Release|Any CPU
		{0A524892-5CEE-4E0B-BCF6-7B4A2E5BF5FC}.Release|ARM.ActiveCfg = Release|Any CPU
		{0A524892-5CEE-4E0B-BCF6-7B4A2E5BF5FC}.Release|ARM.Build.0 = Release|Any CPU
		{0A524892-5CEE-4E0B-BCF6-7B4A2E5BF5FC}.Release|ARM.Deploy.0 = Release|Any CPU
		{0A524892-5CEE-4E0B-BCF6-7B4A2E5BF5FC}.Release|iPhone.ActiveCfg = Release|Any CPU
		{0A524892-5CEE-4E0B-BCF6-7B4A2E5BF5FC}.Release|iPhone.Build.0 = Release|Any CPU
		{0A524892-5CEE-4E0B-BCF6-7B4A2E5BF5FC}.Release|iPhone.Deploy.0 = Release|Any CPU
		{0A524892-5CEE-4E0B-BCF6-7B4A2E5BF5FC}.Release|iPhoneSimulator.ActiveCfg = Release|Any CPU
		{0A524892-5CEE-4E0B-BCF6-7B4A2E5BF5FC}.Release|iPhoneSimulator.Build.0 = Release|Any CPU
		{0A524892-5CEE-4E0B-BCF6-7B4A2E5BF5FC}.Release|iPhoneSimulator.Deploy.0 = Release|Any CPU
		{0A524892-5CEE-4E0B-BCF6-7B4A2E5BF5FC}.Release|x64.ActiveCfg = Release|Any CPU
		{0A524892-5CEE-4E0B-BCF6-7B4A2E5BF5FC}.Release|x64.Build.0 = Release|Any CPU
		{0A524892-5CEE-4E0B-BCF6-7B4A2E5BF5FC}.Release|x64.Deploy.0 = Release|Any CPU
		{0A524892-5CEE-4E0B-BCF6-7B4A2E5BF5FC}.Release|x86.ActiveCfg = Release|Any CPU
		{0A524892-5CEE-4E0B-BCF6-7B4A2E5BF5FC}.Release|x86.Build.0 = Release|Any CPU
		{0A524892-5CEE-4E0B-BCF6-7B4A2E5BF5FC}.Release|x86.Deploy.0 = Release|Any CPU
		{1FCF1CF1-8D4E-4D64-BE55-0EA9D764FD67}.Debug|Any CPU.ActiveCfg = Debug|iPhone
		{1FCF1CF1-8D4E-4D64-BE55-0EA9D764FD67}.Debug|ARM.ActiveCfg = Debug|iPhone
		{1FCF1CF1-8D4E-4D64-BE55-0EA9D764FD67}.Debug|iPhone.ActiveCfg = Debug|iPhone
		{1FCF1CF1-8D4E-4D64-BE55-0EA9D764FD67}.Debug|iPhone.Build.0 = Debug|iPhone
		{1FCF1CF1-8D4E-4D64-BE55-0EA9D764FD67}.Debug|iPhoneSimulator.ActiveCfg = Debug|iPhoneSimulator
		{1FCF1CF1-8D4E-4D64-BE55-0EA9D764FD67}.Debug|iPhoneSimulator.Build.0 = Debug|iPhoneSimulator
		{1FCF1CF1-8D4E-4D64-BE55-0EA9D764FD67}.Debug|x64.ActiveCfg = Debug|iPhone
		{1FCF1CF1-8D4E-4D64-BE55-0EA9D764FD67}.Debug|x86.ActiveCfg = Debug|iPhone
		{1FCF1CF1-8D4E-4D64-BE55-0EA9D764FD67}.Release|Any CPU.ActiveCfg = Release|iPhone
		{1FCF1CF1-8D4E-4D64-BE55-0EA9D764FD67}.Release|ARM.ActiveCfg = Release|iPhone
		{1FCF1CF1-8D4E-4D64-BE55-0EA9D764FD67}.Release|iPhone.ActiveCfg = Release|iPhone
		{1FCF1CF1-8D4E-4D64-BE55-0EA9D764FD67}.Release|iPhone.Build.0 = Release|iPhone
		{1FCF1CF1-8D4E-4D64-BE55-0EA9D764FD67}.Release|iPhoneSimulator.ActiveCfg = Release|iPhoneSimulator
		{1FCF1CF1-8D4E-4D64-BE55-0EA9D764FD67}.Release|iPhoneSimulator.Build.0 = Release|iPhoneSimulator
		{1FCF1CF1-8D4E-4D64-BE55-0EA9D764FD67}.Release|x64.ActiveCfg = Release|iPhone
		{1FCF1CF1-8D4E-4D64-BE55-0EA9D764FD67}.Release|x86.ActiveCfg = Release|iPhone
		{2AABBD59-3425-4BF3-BA62-2EC7C01D2877}.Debug|Any CPU.ActiveCfg = Debug|Any CPU
		{2AABBD59-3425-4BF3-BA62-2EC7C01D2877}.Debug|Any CPU.Build.0 = Debug|Any CPU
		{2AABBD59-3425-4BF3-BA62-2EC7C01D2877}.Debug|ARM.ActiveCfg = Debug|Any CPU
		{2AABBD59-3425-4BF3-BA62-2EC7C01D2877}.Debug|ARM.Build.0 = Debug|Any CPU
		{2AABBD59-3425-4BF3-BA62-2EC7C01D2877}.Debug|iPhone.ActiveCfg = Debug|Any CPU
		{2AABBD59-3425-4BF3-BA62-2EC7C01D2877}.Debug|iPhone.Build.0 = Debug|Any CPU
		{2AABBD59-3425-4BF3-BA62-2EC7C01D2877}.Debug|iPhoneSimulator.ActiveCfg = Debug|Any CPU
		{2AABBD59-3425-4BF3-BA62-2EC7C01D2877}.Debug|iPhoneSimulator.Build.0 = Debug|Any CPU
		{2AABBD59-3425-4BF3-BA62-2EC7C01D2877}.Debug|x64.ActiveCfg = Debug|Any CPU
		{2AABBD59-3425-4BF3-BA62-2EC7C01D2877}.Debug|x64.Build.0 = Debug|Any CPU
		{2AABBD59-3425-4BF3-BA62-2EC7C01D2877}.Debug|x86.ActiveCfg = Debug|Any CPU
		{2AABBD59-3425-4BF3-BA62-2EC7C01D2877}.Debug|x86.Build.0 = Debug|Any CPU
		{2AABBD59-3425-4BF3-BA62-2EC7C01D2877}.Release|Any CPU.ActiveCfg = Release|Any CPU
		{2AABBD59-3425-4BF3-BA62-2EC7C01D2877}.Release|Any CPU.Build.0 = Release|Any CPU
		{2AABBD59-3425-4BF3-BA62-2EC7C01D2877}.Release|ARM.ActiveCfg = Release|Any CPU
		{2AABBD59-3425-4BF3-BA62-2EC7C01D2877}.Release|ARM.Build.0 = Release|Any CPU
		{2AABBD59-3425-4BF3-BA62-2EC7C01D2877}.Release|iPhone.ActiveCfg = Release|Any CPU
		{2AABBD59-3425-4BF3-BA62-2EC7C01D2877}.Release|iPhone.Build.0 = Release|Any CPU
		{2AABBD59-3425-4BF3-BA62-2EC7C01D2877}.Release|iPhoneSimulator.ActiveCfg = Release|Any CPU
		{2AABBD59-3425-4BF3-BA62-2EC7C01D2877}.Release|iPhoneSimulator.Build.0 = Release|Any CPU
		{2AABBD59-3425-4BF3-BA62-2EC7C01D2877}.Release|x64.ActiveCfg = Release|Any CPU
		{2AABBD59-3425-4BF3-BA62-2EC7C01D2877}.Release|x64.Build.0 = Release|Any CPU
		{2AABBD59-3425-4BF3-BA62-2EC7C01D2877}.Release|x86.ActiveCfg = Release|Any CPU
		{2AABBD59-3425-4BF3-BA62-2EC7C01D2877}.Release|x86.Build.0 = Release|Any CPU
	EndGlobalSection
	GlobalSection(SolutionProperties) = preSolution
		HideSolutionNode = FALSE
	EndGlobalSection
	GlobalSection(ExtensibilityGlobals) = postSolution
		SolutionGuid = {95E79AE9-79BC-4C37-B8CB-217BFADC2BA1}
	EndGlobalSection
EndGlobal
